
Microsoft Visual Studio Solution File, Format Version 12.00
# Visual Studio Version 16
VisualStudioVersion = 16.0.29806.167
MinimumVisualStudioVersion = 10.0.40219.1
Project("{FAE04EC0-301F-11D3-BF4B-00C04F79EFBC}") = "CMP1903M-2", "CMP1903M-2.csproj", "{C3DB7022-EB5E-4918-B3EB-3EB425A5CE98}"
EndProject
Global
	GlobalSection(SolutionConfigurationPlatforms) = preSolution
		Debug|Any CPU = Debug|Any CPU
		Release|Any CPU = Release|Any CPU
	EndGlobalSection
	GlobalSection(ProjectConfigurationPlatforms) = postSolution
		{C3DB7022-EB5E-4918-B3EB-3EB425A5CE98}.Debug|Any CPU.ActiveCfg = Debug|Any CPU
		{C3DB7022-EB5E-4918-B3EB-3EB425A5CE98}.Debug|Any CPU.Build.0 = Debug|Any CPU
		{C3DB7022-EB5E-4918-B3EB-3EB425A5CE98}.Release|Any CPU.ActiveCfg = Release|Any CPU
		{C3DB7022-EB5E-4918-B3EB-3EB425A5CE98}.Release|Any CPU.Build.0 = Release|Any CPU
	EndGlobalSection
	GlobalSection(SolutionProperties) = preSolution
		HideSolutionNode = FALSE
	EndGlobalSection
	GlobalSection(ExtensibilityGlobals) = postSolution
		SolutionGuid = {6BDF3883-A509-474C-B20B-A9E1E07DB815}
	EndGlobalSection
EndGlobal
